
Microsoft Visual Studio Solution File, Format Version 12.00
# Visual Studio Version 17
VisualStudioVersion = 17.6.33723.286
MinimumVisualStudioVersion = 10.0.40219.1
Project("{9A19103F-16F7-4668-BE54-9A1E7A4F7556}") = "WebApplication1", "WebApplication1\WebApplication1.csproj", "{0053D6D4-9381-4189-A751-878850B8AF82}"
EndProject
Global
	GlobalSection(SolutionConfigurationPlatforms) = preSolution
		Debug|Any CPU = Debug|Any CPU
		Release|Any CPU = Release|Any CPU
	EndGlobalSection
	GlobalSection(ProjectConfigurationPlatforms) = postSolution
		{0053D6D4-9381-4189-A751-878850B8AF82}.Debug|Any CPU.ActiveCfg = Debug|Any CPU
		{0053D6D4-9381-4189-A751-878850B8AF82}.Debug|Any CPU.Build.0 = Debug|Any CPU
		{0053D6D4-9381-4189-A751-878850B8AF82}.Release|Any CPU.ActiveCfg = Release|Any CPU
		{0053D6D4-9381-4189-A751-878850B8AF82}.Release|Any CPU.Build.0 = Release|Any CPU
	EndGlobalSection
	GlobalSection(SolutionProperties) = preSolution
		HideSolutionNode = FALSE
	EndGlobalSection
	GlobalSection(ExtensibilityGlobals) = postSolution
		SolutionGuid = {E91DDB46-3A98-4FA3-B506-C68C91B56C22}
	EndGlobalSection
EndGlobal
